
Microsoft Visual Studio Solution File, Format Version 12.00
Project("{2150E333-8FDC-42A3-9474-1A3956D46DE8}") = "src", "src", "{FA809AD0-F6C9-4E21-91FA-A7D859721C0E}"
EndProject
Project("{2150E333-8FDC-42A3-9474-1A3956D46DE8}") = "tests", "tests", "{1EC08153-A99B-4661-AF45-7AA674AF0863}"
EndProject
Project("{FAE04EC0-301F-11D3-BF4B-00C04F79EFBC}") = "Zony.Abp.TencentCloudSdk.Common", "src\Zony.Abp.TencentCloudSdk.Common\Zony.Abp.TencentCloudSdk.Common.csproj", "{817EF494-7C55-4073-9BC2-791873A5997B}"
EndProject
Project("{FAE04EC0-301F-11D3-BF4B-00C04F79EFBC}") = "Zony.Abp.TencentCloudSdk.CloudLive", "src\Zony.Abp.TencentCloudSdk.CloudLive\Zony.Abp.TencentCloudSdk.CloudLive.csproj", "{E17020B3-FEFF-49D6-B391-F4E72E3C2743}"
EndProject
Project("{FAE04EC0-301F-11D3-BF4B-00C04F79EFBC}") = "Zony.Abp.TencentCloudSdk.CloudLive.Tests", "tests\Zony.Abp.TencentCloudSdk.CloudLive.Tests\Zony.Abp.TencentCloudSdk.CloudLive.Tests.csproj", "{F3851B0C-605B-4640-B38E-51E9FAEE284C}"
EndProject
Project("{FAE04EC0-301F-11D3-BF4B-00C04F79EFBC}") = "Zony.Abp.TencentCloudSdk.TestBase", "tests\Zony.Abp.TencentCloudSdk.TestBase\Zony.Abp.TencentCloudSdk.TestBase.csproj", "{1438236B-639F-49F2-AA47-8299671BD096}"
EndProject
Project("{FAE04EC0-301F-11D3-BF4B-00C04F79EFBC}") = "Zony.Abp.TencentCloudSdk.COS", "src\Zony.Abp.TencentCloudSdk.COS\Zony.Abp.TencentCloudSdk.COS.csproj", "{24522BE7-54F7-4CB8-9FE0-1E58E6A170B9}"
EndProject
Project("{FAE04EC0-301F-11D3-BF4B-00C04F79EFBC}") = "Zony.Abp.TencentCloudSdk.CloudMonitor", "src\Zony.Abp.TencentCloudSdk.CloudMonitor\Zony.Abp.TencentCloudSdk.CloudMonitor.csproj", "{F4427E96-6D6D-4AC0-89BA-12CB573B2D13}"
EndProject
Project("{FAE04EC0-301F-11D3-BF4B-00C04F79EFBC}") = "Zony.Abp.TencentCloudSdk.CloudMonitor.Tests", "tests\Zony.Abp.TencentCloudSdk.CloudMonitor.Tests\Zony.Abp.TencentCloudSdk.CloudMonitor.Tests.csproj", "{C2EB6F80-AEBE-46E4-9F7A-4768C58BFFC8}"
EndProject
Project("{FAE04EC0-301F-11D3-BF4B-00C04F79EFBC}") = "Zony.Abp.TencentCloudSdk.CAM", "src\Zony.Abp.TencentCloudSdk.CAM\Zony.Abp.TencentCloudSdk.CAM.csproj", "{80EEDFAF-5360-42A8-AB56-8DF504AD9C45}"
EndProject
Project("{FAE04EC0-301F-11D3-BF4B-00C04F79EFBC}") = "Zony.Abp.TencentCloudSdk.CAM.Tests", "tests\Zony.Abp.TencentCloudSdk.CAM.Tests\Zony.Abp.TencentCloudSdk.CAM.Tests.csproj", "{426EB78E-6488-4D89-83A2-545CBDDDA3F8}"
EndProject
Project("{FAE04EC0-301F-11D3-BF4B-00C04F79EFBC}") = "Zony.Abp.TencentCloudSdk.COS.Tests", "tests\Zony.Abp.TencentCloudSdk.COS.Tests\Zony.Abp.TencentCloudSdk.COS.Tests.csproj", "{5DF73C10-0BC4-4D9B-80FF-8CCFF35E7B58}"
EndProject
Global
	GlobalSection(SolutionConfigurationPlatforms) = preSolution
		Debug|Any CPU = Debug|Any CPU
		Release|Any CPU = Release|Any CPU
	EndGlobalSection
	GlobalSection(ProjectConfigurationPlatforms) = postSolution
		{817EF494-7C55-4073-9BC2-791873A5997B}.Debug|Any CPU.ActiveCfg = Debug|Any CPU
		{817EF494-7C55-4073-9BC2-791873A5997B}.Debug|Any CPU.Build.0 = Debug|Any CPU
		{817EF494-7C55-4073-9BC2-791873A5997B}.Release|Any CPU.ActiveCfg = Release|Any CPU
		{817EF494-7C55-4073-9BC2-791873A5997B}.Release|Any CPU.Build.0 = Release|Any CPU
		{E17020B3-FEFF-49D6-B391-F4E72E3C2743}.Debug|Any CPU.ActiveCfg = Debug|Any CPU
		{E17020B3-FEFF-49D6-B391-F4E72E3C2743}.Debug|Any CPU.Build.0 = Debug|Any CPU
		{E17020B3-FEFF-49D6-B391-F4E72E3C2743}.Release|Any CPU.ActiveCfg = Release|Any CPU
		{E17020B3-FEFF-49D6-B391-F4E72E3C2743}.Release|Any CPU.Build.0 = Release|Any CPU
		{F3851B0C-605B-4640-B38E-51E9FAEE284C}.Debug|Any CPU.ActiveCfg = Debug|Any CPU
		{F3851B0C-605B-4640-B38E-51E9FAEE284C}.Debug|Any CPU.Build.0 = Debug|Any CPU
		{F3851B0C-605B-4640-B38E-51E9FAEE284C}.Release|Any CPU.ActiveCfg = Release|Any CPU
		{F3851B0C-605B-4640-B38E-51E9FAEE284C}.Release|Any CPU.Build.0 = Release|Any CPU
		{1438236B-639F-49F2-AA47-8299671BD096}.Debug|Any CPU.ActiveCfg = Debug|Any CPU
		{1438236B-639F-49F2-AA47-8299671BD096}.Debug|Any CPU.Build.0 = Debug|Any CPU
		{1438236B-639F-49F2-AA47-8299671BD096}.Release|Any CPU.ActiveCfg = Release|Any CPU
		{1438236B-639F-49F2-AA47-8299671BD096}.Release|Any CPU.Build.0 = Release|Any CPU
		{24522BE7-54F7-4CB8-9FE0-1E58E6A170B9}.Debug|Any CPU.ActiveCfg = Debug|Any CPU
		{24522BE7-54F7-4CB8-9FE0-1E58E6A170B9}.Debug|Any CPU.Build.0 = Debug|Any CPU
		{24522BE7-54F7-4CB8-9FE0-1E58E6A170B9}.Release|Any CPU.ActiveCfg = Release|Any CPU
		{24522BE7-54F7-4CB8-9FE0-1E58E6A170B9}.Release|Any CPU.Build.0 = Release|Any CPU
		{F4427E96-6D6D-4AC0-89BA-12CB573B2D13}.Debug|Any CPU.ActiveCfg = Debug|Any CPU
		{F4427E96-6D6D-4AC0-89BA-12CB573B2D13}.Debug|Any CPU.Build.0 = Debug|Any CPU
		{F4427E96-6D6D-4AC0-89BA-12CB573B2D13}.Release|Any CPU.ActiveCfg = Release|Any CPU
		{F4427E96-6D6D-4AC0-89BA-12CB573B2D13}.Release|Any CPU.Build.0 = Release|Any CPU
		{C2EB6F80-AEBE-46E4-9F7A-4768C58BFFC8}.Debug|Any CPU.ActiveCfg = Debug|Any CPU
		{C2EB6F80-AEBE-46E4-9F7A-4768C58BFFC8}.Debug|Any CPU.Build.0 = Debug|Any CPU
		{C2EB6F80-AEBE-46E4-9F7A-4768C58BFFC8}.Release|Any CPU.ActiveCfg = Release|Any CPU
		{C2EB6F80-AEBE-46E4-9F7A-4768C58BFFC8}.Release|Any CPU.Build.0 = Release|Any CPU
		{80EEDFAF-5360-42A8-AB56-8DF504AD9C45}.Debug|Any CPU.ActiveCfg = Debug|Any CPU
		{80EEDFAF-5360-42A8-AB56-8DF504AD9C45}.Debug|Any CPU.Build.0 = Debug|Any CPU
		{80EEDFAF-5360-42A8-AB56-8DF504AD9C45}.Release|Any CPU.ActiveCfg = Release|Any CPU
		{80EEDFAF-5360-42A8-AB56-8DF504AD9C45}.Release|Any CPU.Build.0 = Release|Any CPU
		{426EB78E-6488-4D89-83A2-545CBDDDA3F8}.Debug|Any CPU.ActiveCfg = Debug|Any CPU
		{426EB78E-6488-4D89-83A2-545CBDDDA3F8}.Debug|Any CPU.Build.0 = Debug|Any CPU
		{426EB78E-6488-4D89-83A2-545CBDDDA3F8}.Release|Any CPU.ActiveCfg = Release|Any CPU
		{426EB78E-6488-4D89-83A2-545CBDDDA3F8}.Release|Any CPU.Build.0 = Release|Any CPU
		{5DF73C10-0BC4-4D9B-80FF-8CCFF35E7B58}.Debug|Any CPU.ActiveCfg = Debug|Any CPU
		{5DF73C10-0BC4-4D9B-80FF-8CCFF35E7B58}.Debug|Any CPU.Build.0 = Debug|Any CPU
		{5DF73C10-0BC4-4D9B-80FF-8CCFF35E7B58}.Release|Any CPU.ActiveCfg = Release|Any CPU
		{5DF73C10-0BC4-4D9B-80FF-8CCFF35E7B58}.Release|Any CPU.Build.0 = Release|Any CPU
	EndGlobalSection
	GlobalSection(NestedProjects) = preSolution
		{817EF494-7C55-4073-9BC2-791873A5997B} = {FA809AD0-F6C9-4E21-91FA-A7D859721C0E}
		{E17020B3-FEFF-49D6-B391-F4E72E3C2743} = {FA809AD0-F6C9-4E21-91FA-A7D859721C0E}
		{F3851B0C-605B-4640-B38E-51E9FAEE284C} = {1EC08153-A99B-4661-AF45-7AA674AF0863}
		{1438236B-639F-49F2-AA47-8299671BD096} = {1EC08153-A99B-4661-AF45-7AA674AF0863}
		{24522BE7-54F7-4CB8-9FE0-1E58E6A170B9} = {FA809AD0-F6C9-4E21-91FA-A7D859721C0E}
		{F4427E96-6D6D-4AC0-89BA-12CB573B2D13} = {FA809AD0-F6C9-4E21-91FA-A7D859721C0E}
		{C2EB6F80-AEBE-46E4-9F7A-4768C58BFFC8} = {1EC08153-A99B-4661-AF45-7AA674AF0863}
		{80EEDFAF-5360-42A8-AB56-8DF504AD9C45} = {FA809AD0-F6C9-4E21-91FA-A7D859721C0E}
		{426EB78E-6488-4D89-83A2-545CBDDDA3F8} = {1EC08153-A99B-4661-AF45-7AA674AF0863}
		{5DF73C10-0BC4-4D9B-80FF-8CCFF35E7B58} = {1EC08153-A99B-4661-AF45-7AA674AF0863}
	EndGlobalSection
EndGlobal
